hash: a018d45a7425872ce6132cda35b1a886e6501e2813850007174dd2cf54ba0dfa
updated: 2016-08-07T22:18:59.487487406+03:00
imports:
- name: github.com/boltdb/bolt
  version: dfb21201d9270c1082d5fb0f07f500311ff72f18
- name: github.com/davecgh/go-spew
  version: 2df174808ee097f90d259e432cc04442cf60be21
  subpackages:
  - spew
- name: github.com/pmezard/go-difflib
  version: d8ed2627bdf02c080bf22230dbb337003b7aba2d
  subpackages:
  - difflib
- name: github.com/robfig/cron
  version: b024fc5ea0e34bc3f83d9941c8d60b0622bfaca4
- name: github.com/Sirupsen/logrus
  version: 4b6ea7319e214d98c938f12692336f7ca9348d6b
- name: github.com/stretchr/testify
  version: f390dcf405f7b83c997eac1b06768bb9f44dec18
  subpackages:
  - assert
- name: github.com/yosssi/ace
  version: 606a099954ebaff295fad3bd64d0ac0c45749571
- name: golang.org/x/sys
  version: a646d33e2ee3172a661fc09bca23bb4889a41bc8
  subpackages:
  - unix
- name: gopkg.in/urfave/cli.v1
  version: 1efa31f08b9333f1bd4882d61f9d668a70cd902e
testImports: []
