hash: d9659a0ea0bd8cc8ac45ac1c69ca1aaecfaaba6fec6b95487ef7d863c03adaab
updated: 2016-08-01T20:51:47.371062625+03:00
imports:
- name: github.com/rifflock/lfshook
  version: f9d14dda07b109a7aa56f135c31b34062eb14392
- name: github.com/Sirupsen/logrus
  version: 4b6ea7319e214d98c938f12692336f7ca9348d6b
- name: golang.org/x/sys
  version: a646d33e2ee3172a661fc09bca23bb4889a41bc8
  subpackages:
  - unix
testImports: []
